Microsoft Visual Studio Solution File, Format Version 12.00
Project("{FAE04EC0-301F-11D3-BF4B-00C04F79EFBC}") = "Otus.Homeworks.HW3", "Otus.Homeworks.HW3\Otus.Homeworks.HW3.csproj", "{7E46E57A-0C14-4A9F-985B-84EA2A4166EF}"
EndProject
Project("{2150E333-8FDC-42A3-9474-1A3956D46DE8}") = "HW-3", "HW-3", "{8304608D-CB92-4E09-B6EF-D649065CA77C}"
EndProject
Project("{2150E333-8FDC-42A3-9474-1A3956D46DE8}") = "HW-4", "HW-4", "{032704B7-9C31-4D91-979E-9178025C443D}"
EndProject
Project("{FAE04EC0-301F-11D3-BF4B-00C04F79EFBC}") = "Otus.Homeworks.HW4", "Otus.Homeworks.HW4\Otus.Homeworks.HW4.csproj", "{97945D1B-3573-4DBA-8B09-841EE0252D29}"
EndProject
Project("{2150E333-8FDC-42A3-9474-1A3956D46DE8}") = "HW-5", "HW-5", "{5FCAFC1C-3061-45D4-A1F6-F8AA4E7EBAA6}"
EndProject
Project("{2150E333-8FDC-42A3-9474-1A3956D46DE8}") = "HW-6", "HW-6", "{F1673CC7-7A4D-42FF-BC84-DEE49C22274E}"
EndProject
Project("{2150E333-8FDC-42A3-9474-1A3956D46DE8}") = "HW-7", "HW-7", "{4CA39E8B-7370-4088-B11B-549096370879}"
EndProject
Project("{2150E333-8FDC-42A3-9474-1A3956D46DE8}") = "HW-8", "HW-8", "{2937DBEB-D15E-49FC-8070-F197FFB475F1}"
EndProject
Project("{FAE04EC0-301F-11D3-BF4B-00C04F79EFBC}") = "Otus.Homeworks.HW5", "Otus.Homeworks.HW5\Otus.Homeworks.HW5.csproj", "{B8C14C4D-5FBB-4336-B542-CB5903A18798}"
EndProject
Project("{FAE04EC0-301F-11D3-BF4B-00C04F79EFBC}") = "Otus.Homeworks.HW6", "Otus.Homeworks.HW6\Otus.Homeworks.HW6.csproj", "{08935DF9-E00F-455B-B5C6-E04F0A006102}"
EndProject
Project("{FAE04EC0-301F-11D3-BF4B-00C04F79EFBC}") = "Otus.Homeworks.HW7", "Otus.Homeworks.HW7\Otus.Homeworks.HW7.csproj", "{D283467F-923F-439B-A364-17BF53811F18}"
EndProject
Project("{FAE04EC0-301F-11D3-BF4B-00C04F79EFBC}") = "Otus.Homeworks.HW8", "Otus.Homeworks.HW8\Otus.Homeworks.HW8.csproj", "{D1F76243-F1CB-4536-8F0E-0D07E798A01A}"
EndProject
Global
	GlobalSection(SolutionConfigurationPlatforms) = preSolution
		Debug|Any CPU = Debug|Any CPU
		Release|Any CPU = Release|Any CPU
	EndGlobalSection
	GlobalSection(ProjectConfigurationPlatforms) = postSolution
		{7E46E57A-0C14-4A9F-985B-84EA2A4166EF}.Debug|Any CPU.ActiveCfg = Debug|Any CPU
		{7E46E57A-0C14-4A9F-985B-84EA2A4166EF}.Debug|Any CPU.Build.0 = Debug|Any CPU
		{7E46E57A-0C14-4A9F-985B-84EA2A4166EF}.Release|Any CPU.ActiveCfg = Release|Any CPU
		{7E46E57A-0C14-4A9F-985B-84EA2A4166EF}.Release|Any CPU.Build.0 = Release|Any CPU
		{97945D1B-3573-4DBA-8B09-841EE0252D29}.Debug|Any CPU.ActiveCfg = Debug|Any CPU
		{97945D1B-3573-4DBA-8B09-841EE0252D29}.Debug|Any CPU.Build.0 = Debug|Any CPU
		{97945D1B-3573-4DBA-8B09-841EE0252D29}.Release|Any CPU.ActiveCfg = Release|Any CPU
		{97945D1B-3573-4DBA-8B09-841EE0252D29}.Release|Any CPU.Build.0 = Release|Any CPU
		{B8C14C4D-5FBB-4336-B542-CB5903A18798}.Debug|Any CPU.ActiveCfg = Debug|Any CPU
		{B8C14C4D-5FBB-4336-B542-CB5903A18798}.Debug|Any CPU.Build.0 = Debug|Any CPU
		{B8C14C4D-5FBB-4336-B542-CB5903A18798}.Release|Any CPU.ActiveCfg = Release|Any CPU
		{B8C14C4D-5FBB-4336-B542-CB5903A18798}.Release|Any CPU.Build.0 = Release|Any CPU
		{08935DF9-E00F-455B-B5C6-E04F0A006102}.Debug|Any CPU.ActiveCfg = Debug|Any CPU
		{08935DF9-E00F-455B-B5C6-E04F0A006102}.Debug|Any CPU.Build.0 = Debug|Any CPU
		{08935DF9-E00F-455B-B5C6-E04F0A006102}.Release|Any CPU.ActiveCfg = Release|Any CPU
		{08935DF9-E00F-455B-B5C6-E04F0A006102}.Release|Any CPU.Build.0 = Release|Any CPU
		{D283467F-923F-439B-A364-17BF53811F18}.Debug|Any CPU.ActiveCfg = Debug|Any CPU
		{D283467F-923F-439B-A364-17BF53811F18}.Debug|Any CPU.Build.0 = Debug|Any CPU
		{D283467F-923F-439B-A364-17BF53811F18}.Release|Any CPU.ActiveCfg = Release|Any CPU
		{D283467F-923F-439B-A364-17BF53811F18}.Release|Any CPU.Build.0 = Release|Any CPU
		{D1F76243-F1CB-4536-8F0E-0D07E798A01A}.Debug|Any CPU.ActiveCfg = Debug|Any CPU
		{D1F76243-F1CB-4536-8F0E-0D07E798A01A}.Debug|Any CPU.Build.0 = Debug|Any CPU
		{D1F76243-F1CB-4536-8F0E-0D07E798A01A}.Release|Any CPU.ActiveCfg = Release|Any CPU
		{D1F76243-F1CB-4536-8F0E-0D07E798A01A}.Release|Any CPU.Build.0 = Release|Any CPU
	EndGlobalSection
	GlobalSection(NestedProjects) = preSolution
		{7E46E57A-0C14-4A9F-985B-84EA2A4166EF} = {8304608D-CB92-4E09-B6EF-D649065CA77C}
		{97945D1B-3573-4DBA-8B09-841EE0252D29} = {032704B7-9C31-4D91-979E-9178025C443D}
		{B8C14C4D-5FBB-4336-B542-CB5903A18798} = {5FCAFC1C-3061-45D4-A1F6-F8AA4E7EBAA6}
		{08935DF9-E00F-455B-B5C6-E04F0A006102} = {F1673CC7-7A4D-42FF-BC84-DEE49C22274E}
		{D283467F-923F-439B-A364-17BF53811F18} = {4CA39E8B-7370-4088-B11B-549096370879}
		{D1F76243-F1CB-4536-8F0E-0D07E798A01A} = {2937DBEB-D15E-49FC-8070-F197FFB475F1}
	EndGlobalSection
EndGlobal
